github.com/acheong08/funcaptcha v1.9.2 h1:pjOUzT10OfauqVLCVTdP8FCFdtmlihOK3btVvURiQW4=
github.com/acheong08/funcaptcha v1.9.2/go.mod h1:azmXv2Mfbw5eBOnMw5e1yTMNVyku17klWhGtkHwm7PY=
github.com/acheong08/funcaptcha v1.9.3-0.20231031120824-935fabfbd43c h1:nQnCSFiZuA/B0TUZ9YHfNMp2rTCfbnW3ZPv3cN14hjs=
github.com/acheong08/funcaptcha v1.9.3-0.20231031120824-935fabfbd43c/go.mod h1:yBKxvOkoKl1KDpimlKu7VpwDrQC5+0VU4ENEWOja4yo=
github.com/andybalholm/brotli v1.0.5 h1:8uQZIdzKmjc/iuPu7O2ioW48L81FgatrcpfFmiq/cCs=
github.com/andybalholm/brotli v1.0.5/go.mod h1:fO7iG3H7G2nSZ7m0zPUDn85XEX2GTukHGRSepvi9Eig=
github.com/bogdanfinn/fhttp v0.5.24 h1:OlyBKjvJp6a3TotN3wuj4mQHHRbfK7QUMrzCPOZGhRc=
github.com/bogdanfinn/fhttp v0.5.24/go.mod h1:brqi5woc5eSCVHdKYBV8aZLbO7HGqpwyDLeXW+fT18I=
github.com/bogdanfinn/tls-client v1.6.1 h1:GTIqQssFoIvLaDf4btoYRzDhUzudLqYD4axvfUCXl3I=
github.com/bogdanfinn/tls-client v1.6.1/go.mod h1:FtwQ3DndVZ0xAOO704v4iNAgbHOcEc5kPk9tjICTNQ0=
github.com/bogdanfinn/utls v1.5.16 h1:NhhWkegEcYETBMj9nvgO4lwvc6NcLH+znrXzO3gnw4M=
github.com/bogdanfinn/utls v1.5.16/go.mod h1:mHeRCi69cUiEyVBkKONB1cAbLjRcZnlJbGzttmiuK4o=
github.com/google/uuid v1.3.0 h1:t6JiXgmwXMjEs8VusXIJk2BXHsn+wx8BZdTaoZ5fu7I=
github.com/google/uuid v1.3.0/go.mod h1:TIyPZe4MgqvfeYDBFedMoGGpEw/LqOeaOT+nhxU+yHo=
github.com/klauspost/compress v1.16.6 h1:91SKEy4K37vkp255cJ8QesJhjyRO0hn9i9G0GoUwLsk=
github.com/klauspost/compress v1.16.6/go.mod h1:ntbaceVETuRiXiv4DpjP66DpAtAGkEQskQzEyD//IeE=
github.com/klauspost/compress v1.17.0 h1:Rnbp4K9EjcDuVuHtd0dgA4qNuv9yKDYKK1ulpJwgrqM=
github.com/klauspost/compress v1.17.0/go.mod h1:ntbaceVETuRiXiv4DpjP66DpAtAGkEQskQzEyD//IeE=
github.com/tam7t/hpkp v0.0.0-20160821193359-2b70b4024ed5 h1:YqAladjX7xpA6BM04leXMWAEjS0mTZ5kUU9KRBriQJc=
github.com/tam7t/hpkp v0.0.0-20160821193359-2b70b4024ed5/go.mod h1:2JjD2zLQYH5HO74y5+aE3remJQvl6q4Sn6aWA2wD1Ng=
golang.org/x/crypto v0.10.0 h1:LKqV2xt9+kDzSTfOhx4FrkEBcMrAgHSYgzywV9zcGmM=
golang.org/x/crypto v0.10.0/go.mod h1:o4eNf7Ede1fv+hwOwZsTHl9EsPFO6q6ZvYR8vYfY45I=
golang.org/x/crypto v0.13.0 h1:mvySKfSWJ+UKUii46M40LOvyWfN0s2U+46/jDd0e6Ck=
golang.org/x/crypto v0.13.0/go.mod h1:y6Z2r+Rw4iayiXXAIxJIDAJ1zMW4yaTpebo8fPOliYc=
golang.org/x/net v0.11.0 h1:Gi2tvZIJyBtO9SDr1q9h5hEQCp/4L2RQ+ar0qjx2oNU=
golang.org/x/net v0.11.0/go.mod h1:2L/ixqYpgIVXmeoSA/4Lu7BzTG4KIyPIryS4IsOd1oQ=
golang.org/x/net v0.15.0 h1:ugBLEUaxABaB5AJqW9enI0ACdci2RUd4eP51NTBvuJ8=
golang.org/x/net v0.15.0/go.mod h1:idbUs1IY1+zTqbi8yxTbhexhEEk5ur9LInksu6HrEpk=
golang.org/x/sys v0.9.0 h1:KS/R3tvhPqvJvwcKfnBHJwwthS11LRhmM5D59eEXa0s=
golang.org/x/sys v0.9.0/go.mod h1:oPkhp1MJrh7nUepCBck5+mAzfO9JrbApNNgaTdGDITg=
golang.org/x/sys v0.12.0 h1:CM0HF96J0hcLAwsHPJZjfdNzs0gftsLfgKt57wWHJ0o=
golang.org/x/sys v0.12.0/go.mod h1:oPkhp1MJrh7nUepCBck5+mAzfO9JrbApNNgaTdGDITg=
golang.org/x/text v0.10.0 h1:UpjohKhiEgNc0CSauXmwYftY1+LlaC75SJwh0SgCX58=
golang.org/x/text v0.10.0/go.mod h1:TvPlkZtksWOMsz7fbANvkp4WM8x/WCo/om8BMLbz+aE=
golang.org/x/text v0.13.0 h1:ablQoSUd0tRdKxZewP80B+BaqeKJuVhuRxj/dkrun3k=
golang.org/x/text v0.13.0/go.mod h1:TvPlkZtksWOMsz7fbANvkp4WM8x/WCo/om8BMLbz+aE=
